
Microsoft Visual Studio Solution File, Format Version 12.00
# Visual Studio Version 17
VisualStudioVersion = 17.14.36915.13 d17.14
MinimumVisualStudioVersion = 10.0.40219.1
Project("{FAE04EC0-301F-11D3-BF4B-00C04F79EFBC}") = "摩斯密碼轉換器", "摩斯密碼轉換器\摩斯密碼轉換器.csproj", "{61998ED9-BB19-429B-AE4E-C028F5AD14CA}"
EndProject
Global
	GlobalSection(SolutionConfigurationPlatforms) = preSolution
		Debug|Any CPU = Debug|Any CPU
		Release|Any CPU = Release|Any CPU
	EndGlobalSection
	GlobalSection(ProjectConfigurationPlatforms) = postSolution
		{61998ED9-BB19-429B-AE4E-C028F5AD14CA}.Debug|Any CPU.ActiveCfg = Debug|Any CPU
		{61998ED9-BB19-429B-AE4E-C028F5AD14CA}.Debug|Any CPU.Build.0 = Debug|Any CPU
		{61998ED9-BB19-429B-AE4E-C028F5AD14CA}.Release|Any CPU.ActiveCfg = Release|Any CPU
		{61998ED9-BB19-429B-AE4E-C028F5AD14CA}.Release|Any CPU.Build.0 = Release|Any CPU
	EndGlobalSection
	GlobalSection(SolutionProperties) = preSolution
		HideSolutionNode = FALSE
	EndGlobalSection
	GlobalSection(ExtensibilityGlobals) = postSolution
		SolutionGuid = {84694399-3D58-45FE-88E9-A9C1414EF021}
	EndGlobalSection
EndGlobal
